
Microsoft Visual Studio Solution File, Format Version 12.00
# Visual Studio Version 16
VisualStudioVersion = 16.0.31729.503
MinimumVisualStudioVersion = 10.0.40219.1
Project("{FAE04EC0-301F-11D3-BF4B-00C04F79EFBC}") = "Zadanie_12_Wpf", "Zadanie_12_Wpf.csproj", "{52F167EE-ED30-4E22-B8BE-93D8ACF36762}"
EndProject
Global
	GlobalSection(SolutionConfigurationPlatforms) = preSolution
		Debug|Any CPU = Debug|Any CPU
		Release|Any CPU = Release|Any CPU
	EndGlobalSection
	GlobalSection(ProjectConfigurationPlatforms) = postSolution
		{52F167EE-ED30-4E22-B8BE-93D8ACF36762}.Debug|Any CPU.ActiveCfg = Debug|Any CPU
		{52F167EE-ED30-4E22-B8BE-93D8ACF36762}.Debug|Any CPU.Build.0 = Debug|Any CPU
		{52F167EE-ED30-4E22-B8BE-93D8ACF36762}.Release|Any CPU.ActiveCfg = Release|Any CPU
		{52F167EE-ED30-4E22-B8BE-93D8ACF36762}.Release|Any CPU.Build.0 = Release|Any CPU
	EndGlobalSection
	GlobalSection(SolutionProperties) = preSolution
		HideSolutionNode = FALSE
	EndGlobalSection
	GlobalSection(ExtensibilityGlobals) = postSolution
		SolutionGuid = {4DA97186-5377-4116-9ABE-A5279AB3AEFE}
	EndGlobalSection
EndGlobal
